
Microsoft Visual Studio Solution File, Format Version 12.00
# Visual Studio Version 16
VisualStudioVersion = 16.0.30011.22
MinimumVisualStudioVersion = 10.0.40219.1
Project("{9A19103F-16F7-4668-BE54-9A1E7A4F7556}") = "EndlessSky.TradeRouteScanner.Common", "EndlessSky.TradeRouteScanner.Common\EndlessSky.TradeRouteScanner.Common.csproj", "{ADD4EAB3-CF36-470C-BEA7-28FE090DFEB2}"
EndProject
Project("{9A19103F-16F7-4668-BE54-9A1E7A4F7556}") = "EndlessSky.TradeRouteScanner.Common.Test", "EndlessSky.TradeRouteScanner.Common.Test\EndlessSky.TradeRouteScanner.Common.Test.csproj", "{41F2DAC5-F19C-437F-9CEA-018560E5CAA4}"
EndProject
Project("{FAE04EC0-301F-11D3-BF4B-00C04F79EFBC}") = "EndlessSky.TradeRouteScanner.WinForms", "EndlessSky.TradeRouteScanner.WinForms\EndlessSky.TradeRouteScanner.WinForms.csproj", "{7A1AB67E-4DDF-4463-811B-04998CC2F3AE}"
EndProject
Global
	GlobalSection(SolutionConfigurationPlatforms) = preSolution
		Debug|Any CPU = Debug|Any CPU
		Release|Any CPU = Release|Any CPU
	EndGlobalSection
	GlobalSection(ProjectConfigurationPlatforms) = postSolution
		{ADD4EAB3-CF36-470C-BEA7-28FE090DFEB2}.Debug|Any CPU.ActiveCfg = Debug|Any CPU
		{ADD4EAB3-CF36-470C-BEA7-28FE090DFEB2}.Debug|Any CPU.Build.0 = Debug|Any CPU
		{ADD4EAB3-CF36-470C-BEA7-28FE090DFEB2}.Release|Any CPU.ActiveCfg = Release|Any CPU
		{ADD4EAB3-CF36-470C-BEA7-28FE090DFEB2}.Release|Any CPU.Build.0 = Release|Any CPU
		{41F2DAC5-F19C-437F-9CEA-018560E5CAA4}.Debug|Any CPU.ActiveCfg = Debug|Any CPU
		{41F2DAC5-F19C-437F-9CEA-018560E5CAA4}.Debug|Any CPU.Build.0 = Debug|Any CPU
		{41F2DAC5-F19C-437F-9CEA-018560E5CAA4}.Release|Any CPU.ActiveCfg = Release|Any CPU
		{41F2DAC5-F19C-437F-9CEA-018560E5CAA4}.Release|Any CPU.Build.0 = Release|Any CPU
		{7A1AB67E-4DDF-4463-811B-04998CC2F3AE}.Debug|Any CPU.ActiveCfg = Debug|Any CPU
		{7A1AB67E-4DDF-4463-811B-04998CC2F3AE}.Debug|Any CPU.Build.0 = Debug|Any CPU
		{7A1AB67E-4DDF-4463-811B-04998CC2F3AE}.Release|Any CPU.ActiveCfg = Release|Any CPU
		{7A1AB67E-4DDF-4463-811B-04998CC2F3AE}.Release|Any CPU.Build.0 = Release|Any CPU
	EndGlobalSection
	GlobalSection(SolutionProperties) = preSolution
		HideSolutionNode = FALSE
	EndGlobalSection
	GlobalSection(ExtensibilityGlobals) = postSolution
		SolutionGuid = {2FB86B80-1B6D-4998-80DF-898BFF674061}
	EndGlobalSection
EndGlobal
